{
    "_meta": {
        "hash": {
            "sha256": "6b63d0cf8059f859e13d28d9c8d47fb65852d35d140116122c106c90c8fc3e11"
        },
        "pipfile-spec": 6,
        "requires": {
            "python_version": "3.8"
        },
        "sources": [
            {
                "name": "pypi",
                "url": "https://pypi.org/simple",
                "verify_ssl": true
            }
        ]
    },
    "default": {
        "pyperclip": {
            "hashes": [
                "sha256:9abef1e79ce635eb62309ecae02dfb5a3eb952fa7d6dce09c1aef063f81424d3"
            ],
            "index": "pypi",
            "version": "==1.8.1"
        }
    },
    "develop": {}
}
